
Microsoft Visual Studio Solution File, Format Version 12.00
# Visual Studio Version 16
VisualStudioVersion = 16.0.31019.35
MinimumVisualStudioVersion = 10.0.40219.1
Project("{8BC9CEB8-8B4A-11D0-8D11-00A0C91BC942}") = "Vector", "Vector\Vector.vcxproj", "{F4148C07-23AB-4E19-BB94-563CD9BB75D6}"
EndProject
Project("{8BC9CEB8-8B4A-11D0-8D11-00A0C91BC942}") = "Vector_tests", "Vector_tests\Vector_tests.vcxproj", "{04DBEE08-0BD7-4934-AB93-61E999156514}"
EndProject
Global
	GlobalSection(SolutionConfigurationPlatforms) = preSolution
		Debug|x64 = Debug|x64
		Debug|x86 = Debug|x86
		Release|x64 = Release|x64
		Release|x86 = Release|x86
	EndGlobalSection
	GlobalSection(ProjectConfigurationPlatforms) = postSolution
		{F4148C07-23AB-4E19-BB94-563CD9BB75D6}.Debug|x64.ActiveCfg = Debug|x64
		{F4148C07-23AB-4E19-BB94-563CD9BB75D6}.Debug|x64.Build.0 = Debug|x64
		{F4148C07-23AB-4E19-BB94-563CD9BB75D6}.Debug|x86.ActiveCfg = Debug|Win32
		{F4148C07-23AB-4E19-BB94-563CD9BB75D6}.Debug|x86.Build.0 = Debug|Win32
		{F4148C07-23AB-4E19-BB94-563CD9BB75D6}.Release|x64.ActiveCfg = Release|x64
		{F4148C07-23AB-4E19-BB94-563CD9BB75D6}.Release|x64.Build.0 = Release|x64
		{F4148C07-23AB-4E19-BB94-563CD9BB75D6}.Release|x86.ActiveCfg = Release|Win32
		{F4148C07-23AB-4E19-BB94-563CD9BB75D6}.Release|x86.Build.0 = Release|Win32
		{04DBEE08-0BD7-4934-AB93-61E999156514}.Debug|x64.ActiveCfg = Debug|x64
		{04DBEE08-0BD7-4934-AB93-61E999156514}.Debug|x64.Build.0 = Debug|x64
		{04DBEE08-0BD7-4934-AB93-61E999156514}.Debug|x86.ActiveCfg = Debug|Win32
		{04DBEE08-0BD7-4934-AB93-61E999156514}.Debug|x86.Build.0 = Debug|Win32
		{04DBEE08-0BD7-4934-AB93-61E999156514}.Release|x64.ActiveCfg = Release|x64
		{04DBEE08-0BD7-4934-AB93-61E999156514}.Release|x64.Build.0 = Release|x64
		{04DBEE08-0BD7-4934-AB93-61E999156514}.Release|x86.ActiveCfg = Release|Win32
		{04DBEE08-0BD7-4934-AB93-61E999156514}.Release|x86.Build.0 = Release|Win32
	EndGlobalSection
	GlobalSection(SolutionProperties) = preSolution
		HideSolutionNode = FALSE
	EndGlobalSection
	GlobalSection(ExtensibilityGlobals) = postSolution
		SolutionGuid = {CD889B94-9C87-4E98-8428-2968E57BF1F8}
	EndGlobalSection
EndGlobal
