
Microsoft Visual Studio Solution File, Format Version 12.00
# Visual Studio Version 16
VisualStudioVersion = 16.0.31205.134
MinimumVisualStudioVersion = 10.0.40219.1
Project("{8BC9CEB8-8B4A-11D0-8D11-00A0C91BC942}") = "CMyArray", "CMyArray\CMyArray.vcxproj", "{7D68122E-CE1B-4317-AB99-336FDAC713AB}"
EndProject
Project("{8BC9CEB8-8B4A-11D0-8D11-00A0C91BC942}") = "CMyArray_test", "CMyArray_test\CMyArray_test.vcxproj", "{065682A3-7CBF-4E96-9F82-98C832C9A323}"
EndProject
Global
	GlobalSection(SolutionConfigurationPlatforms) = preSolution
		Debug|x64 = Debug|x64
		Debug|x86 = Debug|x86
		Release|x64 = Release|x64
		Release|x86 = Release|x86
	EndGlobalSection
	GlobalSection(ProjectConfigurationPlatforms) = postSolution
		{7D68122E-CE1B-4317-AB99-336FDAC713AB}.Debug|x64.ActiveCfg = Debug|x64
		{7D68122E-CE1B-4317-AB99-336FDAC713AB}.Debug|x64.Build.0 = Debug|x64
		{7D68122E-CE1B-4317-AB99-336FDAC713AB}.Debug|x86.ActiveCfg = Debug|Win32
		{7D68122E-CE1B-4317-AB99-336FDAC713AB}.Debug|x86.Build.0 = Debug|Win32
		{7D68122E-CE1B-4317-AB99-336FDAC713AB}.Release|x64.ActiveCfg = Release|x64
		{7D68122E-CE1B-4317-AB99-336FDAC713AB}.Release|x64.Build.0 = Release|x64
		{7D68122E-CE1B-4317-AB99-336FDAC713AB}.Release|x86.ActiveCfg = Release|Win32
		{7D68122E-CE1B-4317-AB99-336FDAC713AB}.Release|x86.Build.0 = Release|Win32
		{065682A3-7CBF-4E96-9F82-98C832C9A323}.Debug|x64.ActiveCfg = Debug|x64
		{065682A3-7CBF-4E96-9F82-98C832C9A323}.Debug|x64.Build.0 = Debug|x64
		{065682A3-7CBF-4E96-9F82-98C832C9A323}.Debug|x86.ActiveCfg = Debug|Win32
		{065682A3-7CBF-4E96-9F82-98C832C9A323}.Debug|x86.Build.0 = Debug|Win32
		{065682A3-7CBF-4E96-9F82-98C832C9A323}.Release|x64.ActiveCfg = Release|x64
		{065682A3-7CBF-4E96-9F82-98C832C9A323}.Release|x64.Build.0 = Release|x64
		{065682A3-7CBF-4E96-9F82-98C832C9A323}.Release|x86.ActiveCfg = Release|Win32
		{065682A3-7CBF-4E96-9F82-98C832C9A323}.Release|x86.Build.0 = Release|Win32
	EndGlobalSection
	GlobalSection(SolutionProperties) = preSolution
		HideSolutionNode = FALSE
	EndGlobalSection
	GlobalSection(ExtensibilityGlobals) = postSolution
		SolutionGuid = {D2777EA6-CE54-4660-AD1B-27B617164F3B}
	EndGlobalSection
EndGlobal
