
Microsoft Visual Studio Solution File, Format Version 12.00
# Visual Studio Version 16
VisualStudioVersion = 16.0.31205.134
MinimumVisualStudioVersion = 10.0.40219.1
Project("{8BC9CEB8-8B4A-11D0-8D11-00A0C91BC942}") = "Vehicle", "Vehicle\Vehicle.vcxproj", "{891BC594-54A4-480F-BF02-D482CFD08DE3}"
EndProject
Project("{8BC9CEB8-8B4A-11D0-8D11-00A0C91BC942}") = "Vehicle_test", "Vehicle_test\Vehicle_test.vcxproj", "{769CB902-29D4-43E8-B989-CA39CA39F5C8}"
EndProject
Global
	GlobalSection(SolutionConfigurationPlatforms) = preSolution
		Debug|x64 = Debug|x64
		Debug|x86 = Debug|x86
		Release|x64 = Release|x64
		Release|x86 = Release|x86
	EndGlobalSection
	GlobalSection(ProjectConfigurationPlatforms) = postSolution
		{891BC594-54A4-480F-BF02-D482CFD08DE3}.Debug|x64.ActiveCfg = Debug|x64
		{891BC594-54A4-480F-BF02-D482CFD08DE3}.Debug|x64.Build.0 = Debug|x64
		{891BC594-54A4-480F-BF02-D482CFD08DE3}.Debug|x86.ActiveCfg = Debug|Win32
		{891BC594-54A4-480F-BF02-D482CFD08DE3}.Debug|x86.Build.0 = Debug|Win32
		{891BC594-54A4-480F-BF02-D482CFD08DE3}.Release|x64.ActiveCfg = Release|x64
		{891BC594-54A4-480F-BF02-D482CFD08DE3}.Release|x64.Build.0 = Release|x64
		{891BC594-54A4-480F-BF02-D482CFD08DE3}.Release|x86.ActiveCfg = Release|Win32
		{891BC594-54A4-480F-BF02-D482CFD08DE3}.Release|x86.Build.0 = Release|Win32
		{769CB902-29D4-43E8-B989-CA39CA39F5C8}.Debug|x64.ActiveCfg = Debug|x64
		{769CB902-29D4-43E8-B989-CA39CA39F5C8}.Debug|x64.Build.0 = Debug|x64
		{769CB902-29D4-43E8-B989-CA39CA39F5C8}.Debug|x86.ActiveCfg = Debug|Win32
		{769CB902-29D4-43E8-B989-CA39CA39F5C8}.Debug|x86.Build.0 = Debug|Win32
		{769CB902-29D4-43E8-B989-CA39CA39F5C8}.Release|x64.ActiveCfg = Release|x64
		{769CB902-29D4-43E8-B989-CA39CA39F5C8}.Release|x64.Build.0 = Release|x64
		{769CB902-29D4-43E8-B989-CA39CA39F5C8}.Release|x86.ActiveCfg = Release|Win32
		{769CB902-29D4-43E8-B989-CA39CA39F5C8}.Release|x86.Build.0 = Release|Win32
	EndGlobalSection
	GlobalSection(SolutionProperties) = preSolution
		HideSolutionNode = FALSE
	EndGlobalSection
	GlobalSection(ExtensibilityGlobals) = postSolution
		SolutionGuid = {FD1C3F9C-6C3C-4A20-AA20-B0C13D834880}
	EndGlobalSection
EndGlobal
